
Microsoft Visual Studio Solution File, Format Version 12.00
# Visual Studio 2012
Project("{FAE04EC0-301F-11D3-BF4B-00C04F79EFBC}") = "1. NumbersFrom1ToN", "1. NumbersFrom1ToN\1. NumbersFrom1ToN.csproj", "{F1B63EE6-F2DB-4056-BE2B-3523BCAB5B0F}"
EndProject
Project("{FAE04EC0-301F-11D3-BF4B-00C04F79EFBC}") = "2. DivideNumberCheck", "2. DivideNumberCheck\2. DivideNumberCheck.csproj", "{A44DD014-F10C-4361-85E5-09CFA210AB48}"
EndProject
Project("{FAE04EC0-301F-11D3-BF4B-00C04F79EFBC}") = "3. MinAndMaxNumbers", "3. MinAndMaxNumbers\3. MinAndMaxNumbers.csproj", "{A9485E0E-1B71-44C0-968E-554704F61B94}"
EndProject
Project("{FAE04EC0-301F-11D3-BF4B-00C04F79EFBC}") = "4. FaktorielDivision", "4. FaktorielDivision\4. FaktorielDivision.csproj", "{3A5B8626-A9E7-4BC6-A280-1D64D360C4A2}"
EndProject
Project("{FAE04EC0-301F-11D3-BF4B-00C04F79EFBC}") = "5. FactorielExpression", "5. FactorielExpression\5. FactorielExpression.csproj", "{2D226DFE-63A1-49C0-9325-28BFB890D039}"
EndProject
Project("{FAE04EC0-301F-11D3-BF4B-00C04F79EFBC}") = "6. SumCalculation", "6. SumCalculation\6. SumCalculation.csproj", "{925AFF5F-4F73-4B23-B8AD-B5D32DFDC25A}"
EndProject
Project("{FAE04EC0-301F-11D3-BF4B-00C04F79EFBC}") = "7. SumOfNMembersOfFibonacciSeq", "7. SumOfNMembersOfFibonacciSeq\7. SumOfNMembersOfFibonacciSeq.csproj", "{2A70D3D6-A874-48F0-AB90-4CACC3609D46}"
EndProject
Project("{FAE04EC0-301F-11D3-BF4B-00C04F79EFBC}") = "8. EuclideanAlgorithm", "8. EuclideanAlgorithm\8. EuclideanAlgorithm.csproj", "{95FB2917-05D5-4CD0-A962-FBBD5AC2E9C8}"
EndProject
Project("{FAE04EC0-301F-11D3-BF4B-00C04F79EFBC}") = "10. Cards", "10. Cards\10. Cards.csproj", "{14508DDE-E48E-44ED-9DE3-62B807590F30}"
EndProject
Project("{FAE04EC0-301F-11D3-BF4B-00C04F79EFBC}") = "9. NthCatalanNumberCalc", "9. NthCatalanNumberCalc\9. NthCatalanNumberCalc.csproj", "{BBCE6969-FBFD-4428-B261-AA853C654529}"
EndProject
Project("{FAE04EC0-301F-11D3-BF4B-00C04F79EFBC}") = "11. Matrix", "11. Matrix\11. Matrix.csproj", "{64D8A8B8-393C-468B-AA0D-634AD431ECEC}"
EndProject
Project("{FAE04EC0-301F-11D3-BF4B-00C04F79EFBC}") = "12.  TrailingZeros", "12.  TrailingZeros\12.  TrailingZeros.csproj", "{F8859554-BC5D-4075-9D01-690882E66B32}"
EndProject
Global
	GlobalSection(SolutionConfigurationPlatforms) = preSolution
		Debug|Any CPU = Debug|Any CPU
		Release|Any CPU = Release|Any CPU
	EndGlobalSection
	GlobalSection(ProjectConfigurationPlatforms) = postSolution
		{F1B63EE6-F2DB-4056-BE2B-3523BCAB5B0F}.Debug|Any CPU.ActiveCfg = Debug|Any CPU
		{F1B63EE6-F2DB-4056-BE2B-3523BCAB5B0F}.Debug|Any CPU.Build.0 = Debug|Any CPU
		{F1B63EE6-F2DB-4056-BE2B-3523BCAB5B0F}.Release|Any CPU.ActiveCfg = Release|Any CPU
		{F1B63EE6-F2DB-4056-BE2B-3523BCAB5B0F}.Release|Any CPU.Build.0 = Release|Any CPU
		{A44DD014-F10C-4361-85E5-09CFA210AB48}.Debug|Any CPU.ActiveCfg = Debug|Any CPU
		{A44DD014-F10C-4361-85E5-09CFA210AB48}.Debug|Any CPU.Build.0 = Debug|Any CPU
		{A44DD014-F10C-4361-85E5-09CFA210AB48}.Release|Any CPU.ActiveCfg = Release|Any CPU
		{A44DD014-F10C-4361-85E5-09CFA210AB48}.Release|Any CPU.Build.0 = Release|Any CPU
		{A9485E0E-1B71-44C0-968E-554704F61B94}.Debug|Any CPU.ActiveCfg = Debug|Any CPU
		{A9485E0E-1B71-44C0-968E-554704F61B94}.Debug|Any CPU.Build.0 = Debug|Any CPU
		{A9485E0E-1B71-44C0-968E-554704F61B94}.Release|Any CPU.ActiveCfg = Release|Any CPU
		{A9485E0E-1B71-44C0-968E-554704F61B94}.Release|Any CPU.Build.0 = Release|Any CPU
		{3A5B8626-A9E7-4BC6-A280-1D64D360C4A2}.Debug|Any CPU.ActiveCfg = Debug|Any CPU
		{3A5B8626-A9E7-4BC6-A280-1D64D360C4A2}.Debug|Any CPU.Build.0 = Debug|Any CPU
		{3A5B8626-A9E7-4BC6-A280-1D64D360C4A2}.Release|Any CPU.ActiveCfg = Release|Any CPU
		{3A5B8626-A9E7-4BC6-A280-1D64D360C4A2}.Release|Any CPU.Build.0 = Release|Any CPU
		{2D226DFE-63A1-49C0-9325-28BFB890D039}.Debug|Any CPU.ActiveCfg = Debug|Any CPU
		{2D226DFE-63A1-49C0-9325-28BFB890D039}.Debug|Any CPU.Build.0 = Debug|Any CPU
		{2D226DFE-63A1-49C0-9325-28BFB890D039}.Release|Any CPU.ActiveCfg = Release|Any CPU
		{2D226DFE-63A1-49C0-9325-28BFB890D039}.Release|Any CPU.Build.0 = Release|Any CPU
		{925AFF5F-4F73-4B23-B8AD-B5D32DFDC25A}.Debug|Any CPU.ActiveCfg = Debug|Any CPU
		{925AFF5F-4F73-4B23-B8AD-B5D32DFDC25A}.Debug|Any CPU.Build.0 = Debug|Any CPU
		{925AFF5F-4F73-4B23-B8AD-B5D32DFDC25A}.Release|Any CPU.ActiveCfg = Release|Any CPU
		{925AFF5F-4F73-4B23-B8AD-B5D32DFDC25A}.Release|Any CPU.Build.0 = Release|Any CPU
		{2A70D3D6-A874-48F0-AB90-4CACC3609D46}.Debug|Any CPU.ActiveCfg = Debug|Any CPU
		{2A70D3D6-A874-48F0-AB90-4CACC3609D46}.Debug|Any CPU.Build.0 = Debug|Any CPU
		{2A70D3D6-A874-48F0-AB90-4CACC3609D46}.Release|Any CPU.ActiveCfg = Release|Any CPU
		{2A70D3D6-A874-48F0-AB90-4CACC3609D46}.Release|Any CPU.Build.0 = Release|Any CPU
		{95FB2917-05D5-4CD0-A962-FBBD5AC2E9C8}.Debug|Any CPU.ActiveCfg = Debug|Any CPU
		{95FB2917-05D5-4CD0-A962-FBBD5AC2E9C8}.Debug|Any CPU.Build.0 = Debug|Any CPU
		{95FB2917-05D5-4CD0-A962-FBBD5AC2E9C8}.Release|Any CPU.ActiveCfg = Release|Any CPU
		{95FB2917-05D5-4CD0-A962-FBBD5AC2E9C8}.Release|Any CPU.Build.0 = Release|Any CPU
		{14508DDE-E48E-44ED-9DE3-62B807590F30}.Debug|Any CPU.ActiveCfg = Debug|Any CPU
		{14508DDE-E48E-44ED-9DE3-62B807590F30}.Debug|Any CPU.Build.0 = Debug|Any CPU
		{14508DDE-E48E-44ED-9DE3-62B807590F30}.Release|Any CPU.ActiveCfg = Release|Any CPU
		{14508DDE-E48E-44ED-9DE3-62B807590F30}.Release|Any CPU.Build.0 = Release|Any CPU
		{BBCE6969-FBFD-4428-B261-AA853C654529}.Debug|Any CPU.ActiveCfg = Debug|Any CPU
		{BBCE6969-FBFD-4428-B261-AA853C654529}.Debug|Any CPU.Build.0 = Debug|Any CPU
		{BBCE6969-FBFD-4428-B261-AA853C654529}.Release|Any CPU.ActiveCfg = Release|Any CPU
		{BBCE6969-FBFD-4428-B261-AA853C654529}.Release|Any CPU.Build.0 = Release|Any CPU
		{64D8A8B8-393C-468B-AA0D-634AD431ECEC}.Debug|Any CPU.ActiveCfg = Debug|Any CPU
		{64D8A8B8-393C-468B-AA0D-634AD431ECEC}.Debug|Any CPU.Build.0 = Debug|Any CPU
		{64D8A8B8-393C-468B-AA0D-634AD431ECEC}.Release|Any CPU.ActiveCfg = Release|Any CPU
		{64D8A8B8-393C-468B-AA0D-634AD431ECEC}.Release|Any CPU.Build.0 = Release|Any CPU
		{F8859554-BC5D-4075-9D01-690882E66B32}.Debug|Any CPU.ActiveCfg = Debug|Any CPU
		{F8859554-BC5D-4075-9D01-690882E66B32}.Debug|Any CPU.Build.0 = Debug|Any CPU
		{F8859554-BC5D-4075-9D01-690882E66B32}.Release|Any CPU.ActiveCfg = Release|Any CPU
		{F8859554-BC5D-4075-9D01-690882E66B32}.Release|Any CPU.Build.0 = Release|Any CPU
	EndGlobalSection
	GlobalSection(SolutionProperties) = preSolution
		HideSolutionNode = FALSE
	EndGlobalSection
EndGlobal
