
Microsoft Visual Studio Solution File, Format Version 12.00
# Visual Studio 2012
Project("{FAE04EC0-301F-11D3-BF4B-00C04F79EFBC}") = "1. SchoolProject", "1. SchoolProject\1. SchoolProject.csproj", "{2545B6E8-BDA1-4047-8C82-B154A7EF2945}"
EndProject
Project("{FAE04EC0-301F-11D3-BF4B-00C04F79EFBC}") = "2. WorkersAndStudents", "2. WorkersAndStudents\2. WorkersAndStudents.csproj", "{6215890A-E429-492A-913C-4373CC151C18}"
EndProject
Project("{FAE04EC0-301F-11D3-BF4B-00C04F79EFBC}") = "3. Animals", "3. Animals\3. Animals.csproj", "{44738E26-0245-454E-8FC5-9E72D9738F77}"
EndProject
Global
	GlobalSection(SolutionConfigurationPlatforms) = preSolution
		Debug|Any CPU = Debug|Any CPU
		Release|Any CPU = Release|Any CPU
	EndGlobalSection
	GlobalSection(ProjectConfigurationPlatforms) = postSolution
		{2545B6E8-BDA1-4047-8C82-B154A7EF2945}.Debug|Any CPU.ActiveCfg = Debug|Any CPU
		{2545B6E8-BDA1-4047-8C82-B154A7EF2945}.Debug|Any CPU.Build.0 = Debug|Any CPU
		{2545B6E8-BDA1-4047-8C82-B154A7EF2945}.Release|Any CPU.ActiveCfg = Release|Any CPU
		{2545B6E8-BDA1-4047-8C82-B154A7EF2945}.Release|Any CPU.Build.0 = Release|Any CPU
		{6215890A-E429-492A-913C-4373CC151C18}.Debug|Any CPU.ActiveCfg = Debug|Any CPU
		{6215890A-E429-492A-913C-4373CC151C18}.Debug|Any CPU.Build.0 = Debug|Any CPU
		{6215890A-E429-492A-913C-4373CC151C18}.Release|Any CPU.ActiveCfg = Release|Any CPU
		{6215890A-E429-492A-913C-4373CC151C18}.Release|Any CPU.Build.0 = Release|Any CPU
		{44738E26-0245-454E-8FC5-9E72D9738F77}.Debug|Any CPU.ActiveCfg = Debug|Any CPU
		{44738E26-0245-454E-8FC5-9E72D9738F77}.Debug|Any CPU.Build.0 = Debug|Any CPU
		{44738E26-0245-454E-8FC5-9E72D9738F77}.Release|Any CPU.ActiveCfg = Release|Any CPU
		{44738E26-0245-454E-8FC5-9E72D9738F77}.Release|Any CPU.Build.0 = Release|Any CPU
	EndGlobalSection
	GlobalSection(SolutionProperties) = preSolution
		HideSolutionNode = FALSE
	EndGlobalSection
EndGlobal
